
Microsoft Visual Studio Solution File, Format Version 12.00
# Visual Studio 15
VisualStudioVersion = 15.0.26430.6
MinimumVisualStudioVersion = 10.0.40219.1
Project("{FAE04EC0-301F-11D3-BF4B-00C04F79EFBC}") = "ConsoleApp1", "ConsoleApp1\ConsoleApp1.csproj", "{0BD00795-E61C-4297-B824-8A39A5874A07}"
EndProject
Project("{FAE04EC0-301F-11D3-BF4B-00C04F79EFBC}") = "RedIndexer", "RedIndexer\RedIndexer.csproj", "{5FAA8E6D-D94B-45AD-A33B-10182E4EAC1B}"
EndProject
Global
	GlobalSection(SolutionConfigurationPlatforms) = preSolution
		Debug|Any CPU = Debug|Any CPU
		Release|Any CPU = Release|Any CPU
	EndGlobalSection
	GlobalSection(ProjectConfigurationPlatforms) = postSolution
		{0BD00795-E61C-4297-B824-8A39A5874A07}.Debug|Any CPU.ActiveCfg = Debug|Any CPU
		{0BD00795-E61C-4297-B824-8A39A5874A07}.Debug|Any CPU.Build.0 = Debug|Any CPU
		{0BD00795-E61C-4297-B824-8A39A5874A07}.Release|Any CPU.ActiveCfg = Release|Any CPU
		{0BD00795-E61C-4297-B824-8A39A5874A07}.Release|Any CPU.Build.0 = Release|Any CPU
		{5FAA8E6D-D94B-45AD-A33B-10182E4EAC1B}.Debug|Any CPU.ActiveCfg = Debug|Any CPU
		{5FAA8E6D-D94B-45AD-A33B-10182E4EAC1B}.Debug|Any CPU.Build.0 = Debug|Any CPU
		{5FAA8E6D-D94B-45AD-A33B-10182E4EAC1B}.Release|Any CPU.ActiveCfg = Release|Any CPU
		{5FAA8E6D-D94B-45AD-A33B-10182E4EAC1B}.Release|Any CPU.Build.0 = Release|Any CPU
	EndGlobalSection
	GlobalSection(SolutionProperties) = preSolution
		HideSolutionNode = FALSE
	EndGlobalSection
EndGlobal
